
Microsoft Visual Studio Solution File, Format Version 12.00
# Visual Studio Version 16
VisualStudioVersion = 16.0.31112.23
MinimumVisualStudioVersion = 10.0.40219.1
Project("{FAE04EC0-301F-11D3-BF4B-00C04F79EFBC}") = "SampleWebApplication", "SampleWebApplication.csproj", "{4ED20563-2128-4055-8E07-9194201209BF}"
EndProject
Global
	GlobalSection(SolutionConfigurationPlatforms) = preSolution
		Debug|Any CPU = Debug|Any CPU
		Release|Any CPU = Release|Any CPU
	EndGlobalSection
	GlobalSection(ProjectConfigurationPlatforms) = postSolution
		{4ED20563-2128-4055-8E07-9194201209BF}.Debug|Any CPU.ActiveCfg = Debug|Any CPU
		{4ED20563-2128-4055-8E07-9194201209BF}.Debug|Any CPU.Build.0 = Debug|Any CPU
		{4ED20563-2128-4055-8E07-9194201209BF}.Release|Any CPU.ActiveCfg = Release|Any CPU
		{4ED20563-2128-4055-8E07-9194201209BF}.Release|Any CPU.Build.0 = Release|Any CPU
	EndGlobalSection
	GlobalSection(SolutionProperties) = preSolution
		HideSolutionNode = FALSE
	EndGlobalSection
	GlobalSection(ExtensibilityGlobals) = postSolution
		SolutionGuid = {8A4B0A2C-A99D-46E0-8F24-073790F044BD}
	EndGlobalSection
EndGlobal
